
Microsoft Visual Studio Solution File, Format Version 12.00
# Visual Studio Version 17
VisualStudioVersion = 17.0.32126.317
MinimumVisualStudioVersion = 10.0.40219.1
Project("{FAE04EC0-301F-11D3-BF4B-00C04F79EFBC}") = "JokesWebApp", "JokesWebApp.csproj", "{4027A9E2-CB36-4831-B4F1-3DDBC5E651BD}"
EndProject
Global
	GlobalSection(SolutionConfigurationPlatforms) = preSolution
		Debug|Any CPU = Debug|Any CPU
		Release|Any CPU = Release|Any CPU
	EndGlobalSection
	GlobalSection(ProjectConfigurationPlatforms) = postSolution
		{4027A9E2-CB36-4831-B4F1-3DDBC5E651BD}.Debug|Any CPU.ActiveCfg = Debug|Any CPU
		{4027A9E2-CB36-4831-B4F1-3DDBC5E651BD}.Debug|Any CPU.Build.0 = Debug|Any CPU
		{4027A9E2-CB36-4831-B4F1-3DDBC5E651BD}.Release|Any CPU.ActiveCfg = Release|Any CPU
		{4027A9E2-CB36-4831-B4F1-3DDBC5E651BD}.Release|Any CPU.Build.0 = Release|Any CPU
	EndGlobalSection
	GlobalSection(SolutionProperties) = preSolution
		HideSolutionNode = FALSE
	EndGlobalSection
	GlobalSection(ExtensibilityGlobals) = postSolution
		SolutionGuid = {71720043-3616-40C5-9781-B3825608D9CE}
	EndGlobalSection
EndGlobal
